github.com/btcsuite/btcd/address/v2 v2.0.0 h1:UVu8Hal6Siu4XastFe+JX5JkeBYONbDUIY5E+SVTs6I=
github.com/btcsuite/btcd/address/v2 v2.0.0/go.mod h1:htJK1AtaeK3bKNfZY63ep2oN8LbrI6qvmPGe1vekb3I=
github.com/btcsuite/btcd/btcec/v2 v2.4.0 h1:9JgnRkOL8J1UKuGlpJs7oL5tFRgrBgyM/uhwfS+cUiI=
github.com/btcsuite/btcd/btcec/v2 v2.4.0/go.mod h1:64BXFSNzV1koQHPqljB4LaD6lZPQEQNZ38zMImajCRo=
github.com/btcsuite/btcd/btcutil/v2 v2.0.0 h1:77pgf/4tjWaSBLdos8yiWVWL3rSphxWNqkLwcyONExA=
github.com/btcsuite/btcd/btcutil/v2 v2.0.0/go.mod h1:ZF8MMdsx1JGgvHJUanxbigekSO+8bN/ai34LBk/lg3c=
github.com/btcsuite/btcd/chaincfg/v2 v2.0.0 h1:M/RTtXfXA9odC1RUEOyZFXj/NXKVHPYZXVjb60xTOok=
github.com/btcsuite/btcd/chaincfg/v2 v2.0.0/go.mod h1:rHgHIXYYfn70m25a+BJ9f9z7VZAsTiDQGB2XYaippGQ=
github.com/btcsuite/btcd/chainhash/v2 v2.0.0 h1:PMLlSloHJuEeB80XG9EjpXWNEKAZAMLl6YHZ6YsEuoA=
github.com/btcsuite/btcd/chainhash/v2 v2.0.0/go.mod h1:mKxcZ7oGTXE7IRV+sS9hP4EVBwc/SzfNR+52IsOP9j8=
github.com/btcsuite/btcd/wire/v2 v2.0.0 h1:mYSKzZZ0a1sK+aMhXzfDSVsSzRkWkU3x2U04TFRS2z8=
github.com/btcsuite/btcd/wire/v2 v2.0.0/go.mod h1:bGxkPkk8IiDvUo1D96wE03llBIk7p2MdWYRyAQwLmqM=
github.com/decred/dcrd/dcrec/secp256k1/v4 v4.4.1 h1:5RVFMOWjMyRy8cARdy79nAmgYw3hK/4HUq48LQ6Wwqo=
github.com/decred/dcrd/dcrec/secp256k1/v4 v4.4.1/go.mod h1:ZXNYxsqcloTdSy/rNShjYzMhyjf0LaoftYK0p+A3h40=
github.com/seedhammer/kortschak-qr v0.3.2 h1:wH4doJU08wDGQgdOY/U2FtN4bxl+oUa6n86R9ND05+M=
github.com/seedhammer/kortschak-qr v0.3.2/go.mod h1:zapN/iP6EUgPZCGPRI1SXZqUOgaw1/7nWIJVlunN8VQ=
golang.org/x/crypto v0.52.0 h1:RMs7fP2rXdep0CftQlK8Uf+kibLm7qkCcradZWYz988=
golang.org/x/crypto v0.52.0/go.mod h1:1QgfPxDqh0T2M/elOJtp9RvuR95kVjir0e6/BvEmGbc=
golang.org/x/sys v0.45.0 h1:dO4czNzziLiiXplLQgBCEpCvXQ3dnkn0SdaZSYdQ+FY=
golang.org/x/sys v0.45.0/go.mod h1:4GL1E5IUh+htKOUEOaiffhrAeqysfVGipDYzABqnCmw=
gonum.org/v1/gonum v0.17.0 h1:VbpOemQlsSMrYmn7T2OUvQ4dqxQXU+ouZFQsZOx50z4=
gonum.org/v1/gonum v0.17.0/go.mod h1:El3tOrEuMpv2UdMrbNlKEh9vd86bmQ6vqIcDwxEOc1E=
